
Microsoft Visual Studio Solution File, Format Version 12.00
# Visual Studio Version 17
VisualStudioVersion = 17.3.32804.467
MinimumVisualStudioVersion = 10.0.40219.1
Project("{9A19103F-16F7-4668-BE54-9A1E7A4F7556}") = "GamesStore.Cmd", "GamesStore\GamesStore.Cmd.csproj", "{47B09C55-DF72-4625-A13B-C543E2389AD3}"
EndProject
Project("{9A19103F-16F7-4668-BE54-9A1E7A4F7556}") = "GamesStore.DI", "GamesStore.DI\GamesStore.DI.csproj", "{6E8FCE2C-1296-4601-8D20-8397EE8720E0}"
EndProject
Project("{9A19103F-16F7-4668-BE54-9A1E7A4F7556}") = "GamesStore.BLL", "GamesStore.BLL\GamesStore.BLL.csproj", "{4977E83B-CCF8-4502-881D-BBBC29BA862C}"
EndProject
Project("{9A19103F-16F7-4668-BE54-9A1E7A4F7556}") = "GamesStore.Data.Memory", "GamesStore.Data.Memory\GamesStore.Data.Memory.csproj", "{A691D9CF-5E6C-49E0-A68D-F916E21A3619}"
EndProject
Project("{9A19103F-16F7-4668-BE54-9A1E7A4F7556}") = "GamesStore.Settings", "GamesStore.Settings\GamesStore.Settings.csproj", "{D7A86894-C36A-4A44-B4EA-76D9B138AB9B}"
EndProject
Project("{FAE04EC0-301F-11D3-BF4B-00C04F79EFBC}") = "GamesStore.Data.Sql", "GamesStore.Data.Sql\GamesStore.Data.Sql.csproj", "{E44E30F2-5C99-4E71-9D9E-CF9FD9C73306}"
EndProject
Global
	GlobalSection(SolutionConfigurationPlatforms) = preSolution
		Debug|Any CPU = Debug|Any CPU
		Release|Any CPU = Release|Any CPU
	EndGlobalSection
	GlobalSection(ProjectConfigurationPlatforms) = postSolution
		{47B09C55-DF72-4625-A13B-C543E2389AD3}.Debug|Any CPU.ActiveCfg = Debug|Any CPU
		{47B09C55-DF72-4625-A13B-C543E2389AD3}.Debug|Any CPU.Build.0 = Debug|Any CPU
		{47B09C55-DF72-4625-A13B-C543E2389AD3}.Release|Any CPU.ActiveCfg = Release|Any CPU
		{47B09C55-DF72-4625-A13B-C543E2389AD3}.Release|Any CPU.Build.0 = Release|Any CPU
		{6E8FCE2C-1296-4601-8D20-8397EE8720E0}.Debug|Any CPU.ActiveCfg = Debug|Any CPU
		{6E8FCE2C-1296-4601-8D20-8397EE8720E0}.Debug|Any CPU.Build.0 = Debug|Any CPU
		{6E8FCE2C-1296-4601-8D20-8397EE8720E0}.Release|Any CPU.ActiveCfg = Release|Any CPU
		{6E8FCE2C-1296-4601-8D20-8397EE8720E0}.Release|Any CPU.Build.0 = Release|Any CPU
		{4977E83B-CCF8-4502-881D-BBBC29BA862C}.Debug|Any CPU.ActiveCfg = Debug|Any CPU
		{4977E83B-CCF8-4502-881D-BBBC29BA862C}.Debug|Any CPU.Build.0 = Debug|Any CPU
		{4977E83B-CCF8-4502-881D-BBBC29BA862C}.Release|Any CPU.ActiveCfg = Release|Any CPU
		{4977E83B-CCF8-4502-881D-BBBC29BA862C}.Release|Any CPU.Build.0 = Release|Any CPU
		{A691D9CF-5E6C-49E0-A68D-F916E21A3619}.Debug|Any CPU.ActiveCfg = Debug|Any CPU
		{A691D9CF-5E6C-49E0-A68D-F916E21A3619}.Debug|Any CPU.Build.0 = Debug|Any CPU
		{A691D9CF-5E6C-49E0-A68D-F916E21A3619}.Release|Any CPU.ActiveCfg = Release|Any CPU
		{A691D9CF-5E6C-49E0-A68D-F916E21A3619}.Release|Any CPU.Build.0 = Release|Any CPU
		{D7A86894-C36A-4A44-B4EA-76D9B138AB9B}.Debug|Any CPU.ActiveCfg = Debug|Any CPU
		{D7A86894-C36A-4A44-B4EA-76D9B138AB9B}.Debug|Any CPU.Build.0 = Debug|Any CPU
		{D7A86894-C36A-4A44-B4EA-76D9B138AB9B}.Release|Any CPU.ActiveCfg = Release|Any CPU
		{D7A86894-C36A-4A44-B4EA-76D9B138AB9B}.Release|Any CPU.Build.0 = Release|Any CPU
		{E44E30F2-5C99-4E71-9D9E-CF9FD9C73306}.Debug|Any CPU.ActiveCfg = Debug|Any CPU
		{E44E30F2-5C99-4E71-9D9E-CF9FD9C73306}.Debug|Any CPU.Build.0 = Debug|Any CPU
		{E44E30F2-5C99-4E71-9D9E-CF9FD9C73306}.Release|Any CPU.ActiveCfg = Release|Any CPU
		{E44E30F2-5C99-4E71-9D9E-CF9FD9C73306}.Release|Any CPU.Build.0 = Release|Any CPU
	EndGlobalSection
	GlobalSection(SolutionProperties) = preSolution
		HideSolutionNode = FALSE
	EndGlobalSection
	GlobalSection(ExtensibilityGlobals) = postSolution
		SolutionGuid = {29D5640C-2632-4BFE-9E8A-345F3E45A951}
	EndGlobalSection
EndGlobal
